
Microsoft Visual Studio Solution File, Format Version 10.00
# Visual Studio 2008
Project("{8BC9CEB8-8B4A-11D0-8D11-00A0C91BC942}") = "platform_win", "win.vcproj", "{D939C6D8-BC00-30A2-9D28-9FA3E52B2269}"
EndProject
Global
	GlobalSection(SolutionConfigurationPlatforms) = preSolution
		Debug|Win32 = Debug|Win32
		Release|Win32 = Release|Win32
	EndGlobalSection
	GlobalSection(ProjectConfigurationPlatforms) = postSolution
		{D939C6D8-BC00-30A2-9D28-9FA3E52B2269}.Debug|Win32.ActiveCfg = Debug|Win32
		{D939C6D8-BC00-30A2-9D28-9FA3E52B2269}.Debug|Win32.Build.0 = Debug|Win32
		{D939C6D8-BC00-30A2-9D28-9FA3E52B2269}.Release|Win32.ActiveCfg = Release|Win32
		{D939C6D8-BC00-30A2-9D28-9FA3E52B2269}.Release|Win32.Build.0 = Release|Win32
	EndGlobalSection
	GlobalSection(SolutionProperties) = preSolution
		HideSolutionNode = FALSE
	EndGlobalSection
EndGlobal
