
Microsoft Visual Studio Solution File, Format Version 9.00
# Visual Studio 2005
Project("{8BC9CEB8-8B4A-11D0-8D11-00A0C91BC942}") = "Launchy", "Launchy.vcproj", "{A9A1B804-7C96-3F9B-85DC-6087EB18A55D}"
	GlobalSection(Qt) = preSolution
		Integration = True
	EndGlobalSection
EndProject
Global
	GlobalSection(Qt) = preSolution
		Integration = True
	EndGlobalSection
	GlobalSection(SolutionConfigurationPlatforms) = preSolution
		Debug|Win32 = Debug|Win32
		Release|Win32 = Release|Win32
	EndGlobalSection
	GlobalSection(ProjectConfigurationPlatforms) = postSolution
		{A9A1B804-7C96-3F9B-85DC-6087EB18A55D}.Debug|Win32.ActiveCfg = Debug|Win32
		{A9A1B804-7C96-3F9B-85DC-6087EB18A55D}.Debug|Win32.Build.0 = Debug|Win32
		{A9A1B804-7C96-3F9B-85DC-6087EB18A55D}.Release|Win32.ActiveCfg = Release|Win32
		{A9A1B804-7C96-3F9B-85DC-6087EB18A55D}.Release|Win32.Build.0 = Release|Win32
	EndGlobalSection
	GlobalSection(SolutionProperties) = preSolution
		HideSolutionNode = FALSE
	EndGlobalSection
EndGlobal
